
Microsoft Visual Studio Solution File, Format Version 12.00
# Visual Studio 14
VisualStudioVersion = 14.0.25420.1
MinimumVisualStudioVersion = 10.0.40219.1
Project("{FAE04EC0-301F-11D3-BF4B-00C04F79EFBC}") = "AgeBaseTemplate", "AgeBaseTemplate\AgeBaseTemplate.csproj", "{8C77EE90-1D86-49D3-A2C0-C6A6663374D5}"
EndProject
Project("{FAE04EC0-301F-11D3-BF4B-00C04F79EFBC}") = "AgeBaseTemplate.Tests", "..\tests\AgeBaseTemplate.Core.Tests\AgeBaseTemplate.Core.Tests.csproj", "{32C081EC-0362-4B95-8A0D-08E5DEB373B5}"
EndProject
Project("{2150E333-8FDC-42A3-9474-1A3956D46DE8}") = "Tests", "Tests", "{E279A4E9-CF0B-4E22-BDD8-3B87504015BE}"
EndProject
Project("{FAE04EC0-301F-11D3-BF4B-00C04F79EFBC}") = "AgeBaseTemplate.Core", "AgeBaseTemplate.Core\AgeBaseTemplate.Core.csproj", "{32D7CF8C-B93E-4968-BF3F-1394B368D806}"
EndProject
Project("{E24C65DC-7377-472B-9ABA-BC803B73C61A}") = "AgeBaseTemplate.UI", "AgeBaseTemplate.UI\", "{311D3D1C-BDDA-4CAB-B010-C28C2ABDEDCA}"
	ProjectSection(WebsiteProperties) = preProject
		TargetFrameworkMoniker = ".NETFramework,Version%3Dv4.6.1"
		Debug.AspNetCompiler.VirtualPath = "/localhost_54901"
		Debug.AspNetCompiler.PhysicalPath = "AgeBaseTemplate.UI\"
		Debug.AspNetCompiler.TargetPath = "PrecompiledWeb\localhost_54901\"
		Debug.AspNetCompiler.Updateable = "false"
		Debug.AspNetCompiler.ForceOverwrite = "true"
		Debug.AspNetCompiler.FixedNames = "false"
		Debug.AspNetCompiler.Debug = "True"
		Release.AspNetCompiler.VirtualPath = "/localhost_54901"
		Release.AspNetCompiler.PhysicalPath = "AgeBaseTemplate.UI\"
		Release.AspNetCompiler.TargetPath = "PrecompiledWeb\localhost_54901\"
		Release.AspNetCompiler.Updateable = "false"
		Release.AspNetCompiler.ForceOverwrite = "true"
		Release.AspNetCompiler.FixedNames = "false"
		Release.AspNetCompiler.Debug = "False"
		VWDPort = "54901"
		SlnRelativePath = "AgeBaseTemplate.UI\"
		DefaultWebSiteLanguage = "Visual C#"
		StartServerOnDebug = "false"
	EndProjectSection
EndProject
Project("{E24C65DC-7377-472B-9ABA-BC803B73C61A}") = "AgeBaseTemplate.UI.Tests", "..\tests\AgeBaseTemplate.UI.Tests\", "{9E5A14A8-59E2-4A55-9370-63F0B0E5574A}"
	ProjectSection(WebsiteProperties) = preProject
		TargetFrameworkMoniker = ".NETFramework,Version%3Dv4.6.1"
		Debug.AspNetCompiler.VirtualPath = "/localhost_54949"
		Debug.AspNetCompiler.PhysicalPath = "..\tests\AgeBaseTemplate.UI.Tests\"
		Debug.AspNetCompiler.TargetPath = "PrecompiledWeb\localhost_54949\"
		Debug.AspNetCompiler.Updateable = "false"
		Debug.AspNetCompiler.ForceOverwrite = "true"
		Debug.AspNetCompiler.FixedNames = "false"
		Debug.AspNetCompiler.Debug = "True"
		Release.AspNetCompiler.VirtualPath = "/localhost_54949"
		Release.AspNetCompiler.PhysicalPath = "..\tests\AgeBaseTemplate.UI.Tests\"
		Release.AspNetCompiler.TargetPath = "PrecompiledWeb\localhost_54949\"
		Release.AspNetCompiler.Updateable = "false"
		Release.AspNetCompiler.ForceOverwrite = "true"
		Release.AspNetCompiler.FixedNames = "false"
		Release.AspNetCompiler.Debug = "False"
		VWDPort = "54949"
		SlnRelativePath = "..\tests\AgeBaseTemplate.UI.Tests\"
		DefaultWebSiteLanguage = "Visual C#"
		StartServerOnDebug = "false"
	EndProjectSection
EndProject
Global
	GlobalSection(SolutionConfigurationPlatforms) = preSolution
		Debug|Any CPU = Debug|Any CPU
		Release|Any CPU = Release|Any CPU
	EndGlobalSection
	GlobalSection(ProjectConfigurationPlatforms) = postSolution
		{8C77EE90-1D86-49D3-A2C0-C6A6663374D5}.Debug|Any CPU.ActiveCfg = Debug|Any CPU
		{8C77EE90-1D86-49D3-A2C0-C6A6663374D5}.Debug|Any CPU.Build.0 = Debug|Any CPU
		{8C77EE90-1D86-49D3-A2C0-C6A6663374D5}.Release|Any CPU.ActiveCfg = Release|Any CPU
		{8C77EE90-1D86-49D3-A2C0-C6A6663374D5}.Release|Any CPU.Build.0 = Release|Any CPU
		{32C081EC-0362-4B95-8A0D-08E5DEB373B5}.Debug|Any CPU.ActiveCfg = Debug|Any CPU
		{32C081EC-0362-4B95-8A0D-08E5DEB373B5}.Debug|Any CPU.Build.0 = Debug|Any CPU
		{32C081EC-0362-4B95-8A0D-08E5DEB373B5}.Release|Any CPU.ActiveCfg = Release|Any CPU
		{32C081EC-0362-4B95-8A0D-08E5DEB373B5}.Release|Any CPU.Build.0 = Release|Any CPU
		{32D7CF8C-B93E-4968-BF3F-1394B368D806}.Debug|Any CPU.ActiveCfg = Debug|Any CPU
		{32D7CF8C-B93E-4968-BF3F-1394B368D806}.Debug|Any CPU.Build.0 = Debug|Any CPU
		{32D7CF8C-B93E-4968-BF3F-1394B368D806}.Release|Any CPU.ActiveCfg = Release|Any CPU
		{32D7CF8C-B93E-4968-BF3F-1394B368D806}.Release|Any CPU.Build.0 = Release|Any CPU
		{311D3D1C-BDDA-4CAB-B010-C28C2ABDEDCA}.Debug|Any CPU.ActiveCfg = Debug|Any CPU
		{311D3D1C-BDDA-4CAB-B010-C28C2ABDEDCA}.Debug|Any CPU.Build.0 = Debug|Any CPU
		{311D3D1C-BDDA-4CAB-B010-C28C2ABDEDCA}.Release|Any CPU.ActiveCfg = Debug|Any CPU
		{311D3D1C-BDDA-4CAB-B010-C28C2ABDEDCA}.Release|Any CPU.Build.0 = Debug|Any CPU
		{9E5A14A8-59E2-4A55-9370-63F0B0E5574A}.Debug|Any CPU.ActiveCfg = Debug|Any CPU
		{9E5A14A8-59E2-4A55-9370-63F0B0E5574A}.Debug|Any CPU.Build.0 = Debug|Any CPU
		{9E5A14A8-59E2-4A55-9370-63F0B0E5574A}.Release|Any CPU.ActiveCfg = Debug|Any CPU
		{9E5A14A8-59E2-4A55-9370-63F0B0E5574A}.Release|Any CPU.Build.0 = Debug|Any CPU
	EndGlobalSection
	GlobalSection(SolutionProperties) = preSolution
		HideSolutionNode = FALSE
	EndGlobalSection
	GlobalSection(NestedProjects) = preSolution
		{32C081EC-0362-4B95-8A0D-08E5DEB373B5} = {E279A4E9-CF0B-4E22-BDD8-3B87504015BE}
		{9E5A14A8-59E2-4A55-9370-63F0B0E5574A} = {E279A4E9-CF0B-4E22-BDD8-3B87504015BE}
	EndGlobalSection
EndGlobal
